{
    "_meta": {
        "hash": {
            "sha256": "2253ec4f00ecc5658df2cbcbba37e06265417faded5d9c201116b9dd391a2fe6"
        },
        "pipfile-spec": 6,
        "requires": {
            "python_version": "3"
        },
        "sources": [
            {
                "name": "pypi",
                "url": "https://pypi.org/simple",
                "verify_ssl": true
            }
        ]
    },
    "default": {
        "certifi": {
            "hashes": [
                "sha256:2bbf76fd432960138b3ef6dda3dde0544f27cbf8546c458e60baf371917ba9ee",
                "sha256:50b1e4f8446b06f41be7dd6338db18e0990601dce795c2b1686458aa7e8fa7d8"
            ],
            "version": "==2021.5.30"
        },
        "cftime": {
            "hashes": [
                "sha256:12ca5a8897191f5def9daf65ac98865f10488511455e68f157f1ff9967bcf171",
                "sha256:1883d7d0f95879c9354071ea7680e61bd57bf8a51659451bb8accca686a49e89",
                "sha256:19cfa87f1f37b11977d4507690b70b44abf7bf8498bba4e13bdb1b7a8685debd",
                "sha256:2bb4a2db77592da5bfc0f208dacca6eaa305549d85223f4780ecd4ff17c28729",
                "sha256:32a9b09aea0e0027e2582d0f6e1bc132f9b5494eb740326d3e98b9853908b22e",
                "sha256:372222ecb0c1973dbf6eed0776724466e6f475284a080e881ef9f95cd28c13b5",
                "sha256:40bed9af075bd56ab1c9c6d9b40727e4e9cadcc448fbbcc876bf8a1d60d089b8",
                "sha256:52174d080281b8c31ed0ccaa059119d4c9a760d615aa72300ae6037c06e83c83",
                "sha256:55259211a710ce2267018c357ddbd74ef79ec7860170d70217590042f1078dca",
                "sha256:59fbdc73e67f5e38822caf0319b5cb40fa469d34d2a1580339e951135e3fad6e",
                "sha256:5bba5ebc643ca5ed5c39124423f771ebf41367437895bdd19a44ea02f2ccfec7",
                "sha256:698106c68e411bc24eb8b9386ed552442d0ca4d43760ac71a5134b6020af4ed4",
                "sha256:6abda13253f445b4117449a8f497fc04f18a0f58558071934b2e1d277f7bd3a4",
                "sha256:6ae5594f5549ad60c58c76130ab88fdec68a759f822c6f5942f43a446720c00c",
                "sha256:75049ca6ccc6981f4ef098f899a1a7aecc9080a764ca9d866ed9566714acd8fb",
                "sha256:7a820e16357dbdc9723b2059f7178451de626a8b2e5f80b9d91a77e3dac42133",
                "sha256:7b54ddf469094c8ae46259460faf33ddad8a708dcd21e50ca6753507b9b52ec6",
                "sha256:894fc296c8c6b3da9b521efa79312643c29e3e6b8d72cbfbea2c471658adf510",
                "sha256:8e0cadf1342d079a0eb8427391766345affdadd5a5fde6d3301b3ac0cf91eda1",
                "sha256:8fc3206ce08579548de37f31b01fd8718d7622c89f68b31cf46983e1b35a339c",
                "sha256:927ed60397fdbbe5dccb64fe0db4e82b83c10b149bc35386cec0b6aed852245c",
                "sha256:995f940b8f31696bae42a901371325a476e1a32ceb435222ce915e9d04c29395",
                "sha256:a257746867a404d7fa5cfd2fbd7f17b45e975f9984a8818ae475670e3b83552c",
                "sha256:a936c0a18c4c6d216e4cdf3a0dfc541e7e8784ad8fe9d7184f65e6fd20728964",
                "sha256:ad3bdcbdc166ece1baba7e16d54e90b2a48895a9abcd9b3b0a39cae2d6881b8c",
                "sha256:b644bcb53346b6f4fe2fcc9f3b574740a2097637492dcca29632c817e0604f29",
                "sha256:d748f0420154943e867560f6394c17f8497295df1747ee6f850d2d1166c0b85c",
                "sha256:e72009981d26de0c13116a5c7e3ffa180a0eded51ae5bc76a6f6b84a870597ec",
                "sha256:f9d0ad9ce3b8c705a3184d276135b781848bf7178c6cde39e11d7bc5b5c2ee7e"
            ],
            "version": "==1.5.0"
        },
        "chardet": {
            "hashes": [
                "sha256:0d6f53a15db4120f2b08c94f11e7d93d2c911ee118b6b30a04ec3ee8310179fa",
                "sha256:f864054d66fd9118f2e67044ac8981a54775ec5b67aed0441892edb553d21da5"
            ],
            "version": "==4.0.0"
        },
        "ftputil": {
            "hashes": [
                "sha256:d494c47f24fd3f8fbe92d40d90e0902c0e04288f200688af2b16d6b46fe441e1"
            ],
            "index": "pypi",
            "version": "==4.0.0"
        },
        "idna": {
            "hashes": [
                "sha256:b307872f855b18632ce0c21c5e45be78c0ea7ae4c15c828c20788b26921eb3f6",
                "sha256:b97d804b1e9b523befed77c48dacec60e6dcb0b5391d57af6a65a312a90648c0"
            ],
            "version": "==2.10"
        },
        "netcdf4": {
            "hashes": [
                "sha256:0f52b40a5001f8090dcc76bc0bd854ff26e81c1671f55b1624468c5563b84700",
                "sha256:29d829b05b010ded1825c8745d4eeb5190fa928b87f5e9edf06a51eb0834fb40",
                "sha256:31d23ba63b588aee31e90b09bd5c1fd7884ad1437dc0436e46e2f25839b67f68",
                "sha256:3b9ccfb9400c201e51b9f003600bf5eec96455e7238bac94cc2403247b101e50",
                "sha256:43f2ef8531ae55dcd0f4352609afadaf55f48bef897448ffabd6848f9e630e45",
                "sha256:4a653cac1110199859ecc8b2a3ab3e1679fcbf1465f4089a8c8f68b190453aca",
                "sha256:4b619f1b91afc4b973fd68f828e61da5b552a3da0d5132f67e1b340d716fed6b",
                "sha256:50b5466c08c7f4be82241d654d9a86e373d487f080d05fb74a7eca00357e7204",
                "sha256:57795a70d9bbfbaf9a7e48bc944c75f43a12e10994b4805f178c0c4fae21223e",
                "sha256:5f6b2e75b330aedd3fedcb3ba03d84ce755379cdf81bce36d630bf732f80a5cd",
                "sha256:6018d9a0c451b8271d85f5d9cbae22a8ff7d74277a451b9423d9d14c6e673a22",
                "sha256:6e671b35ce871ce3fd86a55b7cf2ae0194521cf985edeb977fb9fe8e72a6c1de",
                "sha256:70adfb91dd3befd3ba7b4ead1f257015769ae4662cc36372005988e22fc7a2d2",
                "sha256:72dbe967cbbfc67b45145615b79fac1d542200cf750e461d23e1e9b214e51a9a",
                "sha256:7901a8d7561cf179a8c839e0ff346a918ff62fd3c66d079426fe38fde74e4ca0",
                "sha256:83c6ffc8cb05062974437b39c51054e31f27dcf0722716575b320aaed4e33a7f",
                "sha256:897f818bfb4f63af69a61f90841495851e8cebce88aaaf2673e6225d19e1c268",
                "sha256:8dcc478dae0d3f4e5c927cfd5bc0676d4e1d105a07a9b2499a9c099be4e31f8e",
                "sha256:9c4a91f4a4da3f8e315b7a0acdd5544f150a79a49d46b7b6cc4b037514527987",
                "sha256:ae187fa3a6e31293923004253733798ab6ec0e4a9dbaea284ba372367b8e4d38",
                "sha256:b05b65fa8dfb9e83d4ea4b4547e85ae03c8a9709b941355a00c05f5cef88cd62",
                "sha256:b2404230cf97cf99b43ee76566da785ad59e21405febb1a2902268065da54dd5",
                "sha256:c0efca35106414885872f932db99af37bf5a85283fd66b9f9f0925f32ca22c62",
                "sha256:ce784b0f529d816590ae2b787780f27f8420411e7b5374a10390ea451f69bd61",
                "sha256:d2cd9ff96cb854bb3b38c54216a6ed2684107b9c18b17fc153514965ceb3d154",
                "sha256:d345ec5c185de4dceddbe47b944de2c5521a4bc80230f34d1d6c92817d6b6c2b",
                "sha256:d6cfcac6a776629a0932b6ab93e7c49f48d4cba8e71e584ae3e359fb18cc40ba",
                "sha256:d957e55a667d1fc651ddef22fea10ded0f142b7d9dbbf4d08c0012d32f445abd",
                "sha256:eb3d4ab88459eccde69868b812a7c5e503665e65449cf6d2a8f5f47fa4dafb22",
                "sha256:f1536837acfd560c3aa0b499b297c92a8c8449b2ffb915c828beaedb4df5cf68",
                "sha256:f632cd94636731347e9d61f0117204f9ab1f6f9994897564ab115fc5a7cd9781",
                "sha256:fc750266caf867ee87aa8da95308887d201b5f74b7fb48fc49694943d7747649"
            ],
            "index": "pypi",
            "version": "==1.5.5.1"
        },
        "numpy": {
            "hashes": [
                "sha256:1676b0a292dd3c99e49305a16d7a9f42a4ab60ec522eac0d3dd20cdf362ac010",
                "sha256:16f221035e8bd19b9dc9a57159e38d2dd060b48e93e1d843c49cb370b0f415fd",
                "sha256:43909c8bb289c382170e0282158a38cf306a8ad2ff6dfadc447e90f9961bef43",
                "sha256:4e465afc3b96dbc80cf4a5273e5e2b1e3451286361b4af70ce1adb2984d392f9",
                "sha256:55b745fca0a5ab738647d0e4db099bd0a23279c32b31a783ad2ccea729e632df",
                "sha256:5d050e1e4bc9ddb8656d7b4f414557720ddcca23a5b88dd7cff65e847864c400",
                "sha256:637d827248f447e63585ca3f4a7d2dfaa882e094df6cfa177cc9cf9cd6cdf6d2",
                "sha256:6690080810f77485667bfbff4f69d717c3be25e5b11bb2073e76bb3f578d99b4",
                "sha256:66fbc6fed94a13b9801fb70b96ff30605ab0a123e775a5e7a26938b717c5d71a",
                "sha256:67d44acb72c31a97a3d5d33d103ab06d8ac20770e1c5ad81bdb3f0c086a56cf6",
                "sha256:6ca2b85a5997dabc38301a22ee43c82adcb53ff660b89ee88dded6b33687e1d8",
                "sha256:6e51534e78d14b4a009a062641f465cfaba4fdcb046c3ac0b1f61dd97c861b1b",
                "sha256:70eb5808127284c4e5c9e836208e09d685a7978b6a216db85960b1a112eeace8",
                "sha256:830b044f4e64a76ba71448fce6e604c0fc47a0e54d8f6467be23749ac2cbd2fb",
                "sha256:8b7bb4b9280da3b2856cb1fc425932f46fba609819ee1c62256f61799e6a51d2",
                "sha256:a9c65473ebc342715cb2d7926ff1e202c26376c0dcaaee85a1fd4b8d8c1d3b2f",
                "sha256:c1c09247ccea742525bdb5f4b5ceeacb34f95731647fe55774aa36557dbb5fa4",
                "sha256:c5bf0e132acf7557fc9bb8ded8b53bbbbea8892f3c9a1738205878ca9434206a",
                "sha256:db250fd3e90117e0312b611574cd1b3f78bec046783195075cbd7ba9c3d73f16",
                "sha256:e515c9a93aebe27166ec9593411c58494fa98e5fcc219e47260d9ab8a1cc7f9f",
                "sha256:e55185e51b18d788e49fe8305fd73ef4470596b33fc2c1ceb304566b99c71a69",
                "sha256:ea9cff01e75a956dbee133fa8e5b68f2f92175233de2f88de3a682dd94deda65",
                "sha256:f1452578d0516283c87608a5a5548b0cdde15b99650efdfd85182102ef7a7c17",
                "sha256:f39a995e47cb8649673cfa0579fbdd1cdd33ea497d1728a6cb194d6252268e48"
            ],
            "version": "==1.20.3"
        },
        "pandas": {
            "hashes": [
                "sha256:0be6102dd99910513e75ed6536284743ead810349c51bdeadd2a5b6649f30abb",
                "sha256:272675a98fa4954b9fc0933df775596fc942e50015d7e75d8f19548808a2bfdf",
                "sha256:2d8b4f532db37418121831a461fd107d826c240b098f52e7a1b4ab3d5aaa4fb2",
                "sha256:33318fa24b192b1a4684347ff76679a7267fd4e547da9f71556a5914f0dc10e7",
                "sha256:3bc6d2be03cb75981d8cbeda09503cd9d6d699fc0dc28a65e197165ad527b7b8",
                "sha256:43482789c55cbabeed9482263cfc98a11e8fcae900cb63ef038948acb4a72570",
                "sha256:616478c1bd8fe1e600f521ae2da434e021c11e7a4e5da3451d02906143d3629a",
                "sha256:6c1a57e4d0d6f9633a07817c44e6b36d81c265fe4c52d0c0505513a2d0f7953c",
                "sha256:7904ee438549b5223ce8dc008772458dd7c5cf0ccc64cf903e81202400702235",
                "sha256:7b54c14130a3448d81eed1348f52429c23e27188d9db6e6d4afeae792bc49c11",
                "sha256:8f92b07cdbfa3704d85b4264e52c216cafe6c0059b0d07cdad8cb29e0b90f2b8",
                "sha256:91fd0b94e7b98528177a05e6f65efea79d7ef9dec15ee48c7c69fc39fdd87235",
                "sha256:9c6692cea6d56da8650847172bdb148622f545e7782d17995822434c79d7a211",
                "sha256:9e18631d996fe131de6cb31a8bdae18965cc8f39eb23fdfbbf42808ecc63dabf",
                "sha256:cba93d4fd3b0a42858b2b599495aff793fb5d94587979f45a14177d1217ba446",
                "sha256:e03386615b970b8b41da6a68afe717626741bb2431cec993640685614c0680e4",
                "sha256:f8b87d2f541cd9bc4ecfe85a561abac85c33fe4de4ce70cca36b2768af2611f5"
            ],
            "index": "pypi",
            "version": "==1.2.0"
        },
        "python-dateutil": {
            "hashes": [
                "sha256:73ebfe9dbf22e832286dafa60473e4cd239f8592f699aa5adaf10050e6e1823c",
                "sha256:75bb3f31ea686f1197762692a9ee6a7550b59fc6ca3a1f4b5d7e32fb98e2da2a"
            ],
            "version": "==2.8.1"
        },
        "pytz": {
            "hashes": [
                "sha256:83a4a90894bf38e243cf052c8b58f381bfe9a7a483f6a9cab140bc7f702ac4da",
                "sha256:eb10ce3e7736052ed3623d49975ce333bcd712c7bb19a58b9e2089d4057d0798"
            ],
            "version": "==2021.1"
        },
        "requests": {
            "hashes": [
                "sha256:27973dd4a904a4f13b263a19c866c13b92a39ed1c964655f025f3f8d3d75b804",
                "sha256:c210084e36a42ae6b9219e00e48287def368a26d03a048ddad7bfee44f75871e"
            ],
            "version": "==2.25.1"
        },
        "six": {
            "hashes": [
                "sha256:1e61c37477a1626458e36f7b1d82aa5c9b094fa4802892072e49de9c60c4c926",
                "sha256:8abb2f1d86890a2dfb989f9a77cfcfd3e47c2a354b01111771326f8aa26e0254"
            ],
            "version": "==1.16.0"
        },
        "slacker": {
            "hashes": [
                "sha256:1ae7c597025c114e202b5c880345f150f795665bfc638010cac614ede4ed5108"
            ],
            "index": "pypi",
            "version": "==0.14.0"
        },
        "toml": {
            "hashes": [
                "sha256:806143ae5bfb6a3c6e736a764057db0e6a0e05e338b5630894a5f779cabb4f9b",
                "sha256:b3bda1d108d5dd99f4a20d24d9c348e91c4db7ab1b749200bded2f839ccbe68f"
            ],
            "index": "pypi",
            "version": "==0.10.2"
        },
        "urllib3": {
            "hashes": [
                "sha256:753a0374df26658f99d826cfe40394a686d05985786d946fbe4165b5148f5a7c",
                "sha256:a7acd0977125325f516bda9735fa7142b909a8d01e8b2e4c8108d0984e6e0098"
            ],
            "index": "pypi",
            "version": "==1.26.5"
        }
    },
    "develop": {}
}
