{
    "_meta": {
        "hash": {
            "sha256": "2253ec4f00ecc5658df2cbcbba37e06265417faded5d9c201116b9dd391a2fe6"
        },
        "pipfile-spec": 6,
        "requires": {
            "python_version": "3"
        },
        "sources": [
            {
                "name": "pypi",
                "url": "https://pypi.org/simple",
                "verify_ssl": true
            }
        ]
    },
    "default": {
        "certifi": {
            "hashes": [
                "sha256:1a4995114262bffbc2413b159f2a1a480c969de6e6eb13ee966d470af86af59c",
                "sha256:719a74fb9e33b9bd44cc7f3a8d94bc35e4049deebe19ba7d8e108280cfd59830"
            ],
            "version": "==2020.12.5"
        },
        "cftime": {
            "hashes": [
                "sha256:0bb59517610c385d4b0d3b40bb8d988c10e6c2ce086cb741d13d699b61ca1f13",
                "sha256:0ffc25c347e37b7832dcf312fe9618f28335fb1e4ef1a6036a8603513b2db097",
                "sha256:1f6073cc33dde22865dfab8076d62d6b9b22d3d9c4a6c31eb6c567f6f8b343e9",
                "sha256:24182f8f2a7e45ce4d6c6571ee580b377cf9ec30671042fdeca9187201d1e738",
                "sha256:253d7183c1dcd2d2607f917a181d3e42636c9765e5faf3dda99d571b589c82af",
                "sha256:26f0b05149322978a6959d907fd6071f448e6afb2779db94863d69802477ceb4",
                "sha256:271fd5e7f10c8a43ffce30d11e52d113e4c2f491cb1391f90fa4fec4074a8157",
                "sha256:280deadcec617d1d9595d06dbedae79e87108ae5e920ea1f2fd42644c7ce2878",
                "sha256:40218dd49f334ccbe4ec471c81dce173f7013d7fff0b4d537b2dd9a7b51a8ade",
                "sha256:4205a192de56544dbb298b065e7497c0504054097defea3ae14b5b0f2120d62a",
                "sha256:42a478592e78fc219858fe67ea44c89452139a8386d8c432ab591154ed3bed7c",
                "sha256:536d4f63f40ca07147d224aacbb98491a87bd1d6514146e02af165158beb324d",
                "sha256:537bbfeef79115f56f7b3d7497d92a8a38ead66faf4c81034d9148aecf43f3f7",
                "sha256:6303bcf879c624311ea94decc53d00023fdef0d5e6e79a958a9e9b130471624b",
                "sha256:6ad0c4c5fbf4fe5a51c44d1efb438730bbad93e98fb77e1c2f15f21beab441af",
                "sha256:7107148e9d863404ac35f3791cf5929d5dd7050297bc856bbf04d4e7ac424503",
                "sha256:7bb5a1060345fe668c20c0b86efb6f56765f6b455da121d6edaa40cd6078de38",
                "sha256:7c55540bc164746c3c4f86a07c9c7b9ed4dfb0b0d988348ec63cec065c58766d",
                "sha256:81bffad4823fb991b8822d32ebfa581852848c3067a5c4df4f1c5fca00e3869b",
                "sha256:87228eba8586f65c6882efe2cd9f3c4f24bc9eac24235a6f2a5dcf807b226093",
                "sha256:9799b5334594df1ecdefc38d6c41520e7478d56834f42e0f359be9d6f12cccba",
                "sha256:a5eae6d21a305940bbbeb1c39ed1619ca6333c2b57d7e113dcf06bc569c4a9b3",
                "sha256:b32e8704fa8acfafeef55c0d8da178dbf72c408d66d841c47c891442e14fe76a",
                "sha256:b5739613bc8eaa3f07ecc578eeb77693cb1adecb3ef5e23fa34873acd61dcd17",
                "sha256:b73a161b6d541a342e7789234b56a4b766052b73da8b5e7ffab9ab20b59b7a87",
                "sha256:b9868b7ec8271c1cb9021607b5011be34dc069fdc57b7c1f98e7e010edd3768f",
                "sha256:ba0a944426736d68b6a34b1543067bd35c3509139e34d5e991cc9b7a188ba79e",
                "sha256:cde9249692963ed9e5be99d6da6acf70dbf150a4afc42af2c6540e47503275fd",
                "sha256:d7bb8b79f6692dbd666494a9845cd68787d93273d7b62f680fb9f963080ef696",
                "sha256:d7de4ceda1d8462ecfd7d561823ce1ee89d4e8c91b7789fbd030c69478baab46",
                "sha256:d8682ad494237ece3bf277081df0fa896dc6c36d81c20822ba1cae71a50401c4",
                "sha256:dce11b904ba7ca21113c6ca4e5d83060b275e09410dc362e8d8b450737664046",
                "sha256:ddf392c5783f8162b6c652ca1c0205b8edf79a192da2fd233e2d653192dc192b",
                "sha256:ddf4f142a51dd1669c7578c0792e84b8e6d819acaad15044ed72bf29d296f6c1",
                "sha256:e2919d68bebed66f102f861d7f2fb396487d44f5f54b1ac19f1e74be3f67b02c",
                "sha256:fee0af10a85c03b4d3512eed04ffb2f80a0f2e8fe712df30bde2f1fe8fe37cf7"
            ],
            "version": "==1.4.1"
        },
        "chardet": {
            "hashes": [
                "sha256:0d6f53a15db4120f2b08c94f11e7d93d2c911ee118b6b30a04ec3ee8310179fa",
                "sha256:f864054d66fd9118f2e67044ac8981a54775ec5b67aed0441892edb553d21da5"
            ],
            "version": "==4.0.0"
        },
        "ftputil": {
            "hashes": [
                "sha256:d494c47f24fd3f8fbe92d40d90e0902c0e04288f200688af2b16d6b46fe441e1"
            ],
            "index": "pypi",
            "version": "==4.0.0"
        },
        "idna": {
            "hashes": [
                "sha256:b307872f855b18632ce0c21c5e45be78c0ea7ae4c15c828c20788b26921eb3f6",
                "sha256:b97d804b1e9b523befed77c48dacec60e6dcb0b5391d57af6a65a312a90648c0"
            ],
            "version": "==2.10"
        },
        "netcdf4": {
            "hashes": [
                "sha256:0f52b40a5001f8090dcc76bc0bd854ff26e81c1671f55b1624468c5563b84700",
                "sha256:29d829b05b010ded1825c8745d4eeb5190fa928b87f5e9edf06a51eb0834fb40",
                "sha256:31d23ba63b588aee31e90b09bd5c1fd7884ad1437dc0436e46e2f25839b67f68",
                "sha256:3b9ccfb9400c201e51b9f003600bf5eec96455e7238bac94cc2403247b101e50",
                "sha256:43f2ef8531ae55dcd0f4352609afadaf55f48bef897448ffabd6848f9e630e45",
                "sha256:4a653cac1110199859ecc8b2a3ab3e1679fcbf1465f4089a8c8f68b190453aca",
                "sha256:4b619f1b91afc4b973fd68f828e61da5b552a3da0d5132f67e1b340d716fed6b",
                "sha256:50b5466c08c7f4be82241d654d9a86e373d487f080d05fb74a7eca00357e7204",
                "sha256:57795a70d9bbfbaf9a7e48bc944c75f43a12e10994b4805f178c0c4fae21223e",
                "sha256:5f6b2e75b330aedd3fedcb3ba03d84ce755379cdf81bce36d630bf732f80a5cd",
                "sha256:6018d9a0c451b8271d85f5d9cbae22a8ff7d74277a451b9423d9d14c6e673a22",
                "sha256:6e671b35ce871ce3fd86a55b7cf2ae0194521cf985edeb977fb9fe8e72a6c1de",
                "sha256:70adfb91dd3befd3ba7b4ead1f257015769ae4662cc36372005988e22fc7a2d2",
                "sha256:72dbe967cbbfc67b45145615b79fac1d542200cf750e461d23e1e9b214e51a9a",
                "sha256:7901a8d7561cf179a8c839e0ff346a918ff62fd3c66d079426fe38fde74e4ca0",
                "sha256:83c6ffc8cb05062974437b39c51054e31f27dcf0722716575b320aaed4e33a7f",
                "sha256:897f818bfb4f63af69a61f90841495851e8cebce88aaaf2673e6225d19e1c268",
                "sha256:8dcc478dae0d3f4e5c927cfd5bc0676d4e1d105a07a9b2499a9c099be4e31f8e",
                "sha256:9c4a91f4a4da3f8e315b7a0acdd5544f150a79a49d46b7b6cc4b037514527987",
                "sha256:ae187fa3a6e31293923004253733798ab6ec0e4a9dbaea284ba372367b8e4d38",
                "sha256:b05b65fa8dfb9e83d4ea4b4547e85ae03c8a9709b941355a00c05f5cef88cd62",
                "sha256:b2404230cf97cf99b43ee76566da785ad59e21405febb1a2902268065da54dd5",
                "sha256:c0efca35106414885872f932db99af37bf5a85283fd66b9f9f0925f32ca22c62",
                "sha256:ce784b0f529d816590ae2b787780f27f8420411e7b5374a10390ea451f69bd61",
                "sha256:d2cd9ff96cb854bb3b38c54216a6ed2684107b9c18b17fc153514965ceb3d154",
                "sha256:d345ec5c185de4dceddbe47b944de2c5521a4bc80230f34d1d6c92817d6b6c2b",
                "sha256:d6cfcac6a776629a0932b6ab93e7c49f48d4cba8e71e584ae3e359fb18cc40ba",
                "sha256:d957e55a667d1fc651ddef22fea10ded0f142b7d9dbbf4d08c0012d32f445abd",
                "sha256:eb3d4ab88459eccde69868b812a7c5e503665e65449cf6d2a8f5f47fa4dafb22",
                "sha256:f1536837acfd560c3aa0b499b297c92a8c8449b2ffb915c828beaedb4df5cf68",
                "sha256:f632cd94636731347e9d61f0117204f9ab1f6f9994897564ab115fc5a7cd9781",
                "sha256:fc750266caf867ee87aa8da95308887d201b5f74b7fb48fc49694943d7747649"
            ],
            "index": "pypi",
            "version": "==1.5.5.1"
        },
        "numpy": {
            "hashes": [
                "sha256:2428b109306075d89d21135bdd6b785f132a1f5a3260c371cee1fae427e12727",
                "sha256:377751954da04d4a6950191b20539066b4e19e3b559d4695399c5e8e3e683bf6",
                "sha256:4703b9e937df83f5b6b7447ca5912b5f5f297aba45f91dbbbc63ff9278c7aa98",
                "sha256:471c0571d0895c68da309dacee4e95a0811d0a9f9f532a48dc1bea5f3b7ad2b7",
                "sha256:61d5b4cf73622e4d0c6b83408a16631b670fc045afd6540679aa35591a17fe6d",
                "sha256:6c915ee7dba1071554e70a3664a839fbc033e1d6528199d4621eeaaa5487ccd2",
                "sha256:6e51e417d9ae2e7848314994e6fc3832c9d426abce9328cf7571eefceb43e6c9",
                "sha256:719656636c48be22c23641859ff2419b27b6bdf844b36a2447cb39caceb00935",
                "sha256:780ae5284cb770ade51d4b4a7dce4faa554eb1d88a56d0e8b9f35fca9b0270ff",
                "sha256:878922bf5ad7550aa044aa9301d417e2d3ae50f0f577de92051d739ac6096cee",
                "sha256:924dc3f83de20437de95a73516f36e09918e9c9c18d5eac520062c49191025fb",
                "sha256:97ce8b8ace7d3b9288d88177e66ee75480fb79b9cf745e91ecfe65d91a856042",
                "sha256:9c0fab855ae790ca74b27e55240fe4f2a36a364a3f1ebcfd1fb5ac4088f1cec3",
                "sha256:9cab23439eb1ebfed1aaec9cd42b7dc50fc96d5cd3147da348d9161f0501ada5",
                "sha256:a8e6859913ec8eeef3dbe9aed3bf475347642d1cdd6217c30f28dee8903528e6",
                "sha256:aa046527c04688af680217fffac61eec2350ef3f3d7320c07fd33f5c6e7b4d5f",
                "sha256:abc81829c4039e7e4c30f7897938fa5d4916a09c2c7eb9b244b7a35ddc9656f4",
                "sha256:bad70051de2c50b1a6259a6df1daaafe8c480ca98132da98976d8591c412e737",
                "sha256:c73a7975d77f15f7f68dacfb2bca3d3f479f158313642e8ea9058eea06637931",
                "sha256:d15007f857d6995db15195217afdbddfcd203dfaa0ba6878a2f580eaf810ecd6",
                "sha256:d76061ae5cab49b83a8cf3feacefc2053fac672728802ac137dd8c4123397677",
                "sha256:e8e4fbbb7e7634f263c5b0150a629342cc19b47c5eba8d1cd4363ab3455ab576",
                "sha256:e9459f40244bb02b2f14f6af0cd0732791d72232bbb0dc4bab57ef88e75f6935",
                "sha256:edb1f041a9146dcf02cd7df7187db46ab524b9af2515f392f337c7cbbf5b52cd"
            ],
            "version": "==1.20.2"
        },
        "pandas": {
            "hashes": [
                "sha256:0be6102dd99910513e75ed6536284743ead810349c51bdeadd2a5b6649f30abb",
                "sha256:272675a98fa4954b9fc0933df775596fc942e50015d7e75d8f19548808a2bfdf",
                "sha256:2d8b4f532db37418121831a461fd107d826c240b098f52e7a1b4ab3d5aaa4fb2",
                "sha256:33318fa24b192b1a4684347ff76679a7267fd4e547da9f71556a5914f0dc10e7",
                "sha256:3bc6d2be03cb75981d8cbeda09503cd9d6d699fc0dc28a65e197165ad527b7b8",
                "sha256:43482789c55cbabeed9482263cfc98a11e8fcae900cb63ef038948acb4a72570",
                "sha256:616478c1bd8fe1e600f521ae2da434e021c11e7a4e5da3451d02906143d3629a",
                "sha256:6c1a57e4d0d6f9633a07817c44e6b36d81c265fe4c52d0c0505513a2d0f7953c",
                "sha256:7904ee438549b5223ce8dc008772458dd7c5cf0ccc64cf903e81202400702235",
                "sha256:7b54c14130a3448d81eed1348f52429c23e27188d9db6e6d4afeae792bc49c11",
                "sha256:8f92b07cdbfa3704d85b4264e52c216cafe6c0059b0d07cdad8cb29e0b90f2b8",
                "sha256:91fd0b94e7b98528177a05e6f65efea79d7ef9dec15ee48c7c69fc39fdd87235",
                "sha256:9c6692cea6d56da8650847172bdb148622f545e7782d17995822434c79d7a211",
                "sha256:9e18631d996fe131de6cb31a8bdae18965cc8f39eb23fdfbbf42808ecc63dabf",
                "sha256:cba93d4fd3b0a42858b2b599495aff793fb5d94587979f45a14177d1217ba446",
                "sha256:e03386615b970b8b41da6a68afe717626741bb2431cec993640685614c0680e4",
                "sha256:f8b87d2f541cd9bc4ecfe85a561abac85c33fe4de4ce70cca36b2768af2611f5"
            ],
            "index": "pypi",
            "version": "==1.2.0"
        },
        "python-dateutil": {
            "hashes": [
                "sha256:73ebfe9dbf22e832286dafa60473e4cd239f8592f699aa5adaf10050e6e1823c",
                "sha256:75bb3f31ea686f1197762692a9ee6a7550b59fc6ca3a1f4b5d7e32fb98e2da2a"
            ],
            "version": "==2.8.1"
        },
        "pytz": {
            "hashes": [
                "sha256:83a4a90894bf38e243cf052c8b58f381bfe9a7a483f6a9cab140bc7f702ac4da",
                "sha256:eb10ce3e7736052ed3623d49975ce333bcd712c7bb19a58b9e2089d4057d0798"
            ],
            "version": "==2021.1"
        },
        "requests": {
            "hashes": [
                "sha256:27973dd4a904a4f13b263a19c866c13b92a39ed1c964655f025f3f8d3d75b804",
                "sha256:c210084e36a42ae6b9219e00e48287def368a26d03a048ddad7bfee44f75871e"
            ],
            "version": "==2.25.1"
        },
        "six": {
            "hashes": [
                "sha256:30639c035cdb23534cd4aa2dd52c3bf48f06e5f4a941509c8bafd8ce11080259",
                "sha256:8b74bedcbbbaca38ff6d7491d76f2b06b3592611af620f8426e82dddb04a5ced"
            ],
            "version": "==1.15.0"
        },
        "slacker": {
            "hashes": [
                "sha256:1ae7c597025c114e202b5c880345f150f795665bfc638010cac614ede4ed5108"
            ],
            "index": "pypi",
            "version": "==0.14.0"
        },
        "toml": {
            "hashes": [
                "sha256:806143ae5bfb6a3c6e736a764057db0e6a0e05e338b5630894a5f779cabb4f9b",
                "sha256:b3bda1d108d5dd99f4a20d24d9c348e91c4db7ab1b749200bded2f839ccbe68f"
            ],
            "index": "pypi",
            "version": "==0.10.2"
        },
        "urllib3": {
            "hashes": [
                "sha256:2f4da4594db7e1e110a944bb1b551fdf4e6c136ad42e4234131391e21eb5b0df",
                "sha256:e7b021f7241115872f92f43c6508082facffbd1c048e3c6e2bb9c2a157e28937"
            ],
            "index": "pypi",
            "version": "==1.26.4"
        }
    },
    "develop": {}
}
