{
    "_meta": {
        "hash": {
            "sha256": "a78b90a7415008ea68db4cb5a75cc325c33a75c4fdcd12b7f82e91ad73ba8398"
        },
        "pipfile-spec": 6,
        "requires": {
            "python_version": "3"
        },
        "sources": [
            {
                "name": "pypi",
                "url": "https://pypi.org/simple",
                "verify_ssl": true
            }
        ]
    },
    "default": {
        "cftime": {
            "hashes": [
                "sha256:055d5d60a756c6c1857cf84d77655bb707057bb6c4a4fbb104a550e76c40aad9",
                "sha256:07fdef2f75a0f0952b0376fa4cd08ef8a1dad3b963976ac07517811d434936b7",
                "sha256:0955e1f3e1c09a9e0296b50f135ff9719cb2466f81c8ad4a10ef06fa394de984",
                "sha256:29c18601abea0fd160fbe423e05c7a56fe1d38dd250a6b010de499a132d3fe18",
                "sha256:2abdac6ca5b8b6102f319122546739dfc42406b816c16f2a98a8f0cd406d3bf0",
                "sha256:2ba7909a0cd4adcb16797d8d6ab2767e7ddb980b2bf9dbabfc71b3bdd94f072b",
                "sha256:3042048324b4d6a1066c978ec78101effdd84320e8862bfdbf8122d7ad7588ec",
                "sha256:455cec3627e6ca8694b0d9201da6581eb4381b58389f1fbcb51a14fa0e2b3d94",
                "sha256:56d0242fc4990584b265622622b25bb262a178097711d2d95e53ef52a9d23e7e",
                "sha256:8614c00fb8a5046de304fdd86dbd224f99408185d7b245ac6628d0276596e6d2",
                "sha256:86fe550b94525c327578a90b2e13418ca5ba6c636d5efe3edec310e631757eea",
                "sha256:892d5dc38f8b998c83a2a01f131e63896d020586de473e1878f9e85acc70ad44",
                "sha256:8d49d69c64cee2c175478eed84c3a57fce083da4ceebce16440f72be561a8489",
                "sha256:93f00f454329c1f2588ebca2650e8edf7607d6189dbdcc81b5f3be2080155cc4",
                "sha256:acb294fdb80e33545ae54b4421df35c4e578708a5ffce1c00408b2294e70ecef",
                "sha256:aedfb7a783d19d7a30cb41951310f3bfe98f9f21fffc723c8af08a11962b0b17",
                "sha256:afb5b38b51b8bc02f1656a9f15c52b0b20a3999adbe1ab9ac57f926e0065b48a",
                "sha256:b4d2a1920f0aad663f25700b30621ff64af373499e52b544da1148dd8c09409a",
                "sha256:e83db2fdda900eb154a9f79dfb665ac6190781c61d2e18151996de5ee7ffd8a2",
                "sha256:eb7f8cd0996640b83020133b5ef6b97fc9216c3129eaeeaca361abdff5d82166",
                "sha256:ee70fa069802652cf534de1dd3fc590b7d22d4127447bf96ac9849abcdadadf1"
            ],
            "markers": "python_version >= '3.7'",
            "version": "==1.6.2"
        },
        "ftputil": {
            "hashes": [
                "sha256:6889db8649dd20d9b6d40a6c5f0f84ccf340a7dac1e0bfc0f0024090fc2afb33"
            ],
            "index": "pypi",
            "version": "==5.0.4"
        },
        "netcdf4": {
            "hashes": [
                "sha256:01e42ec375c0426240ba00ac2fee9edf6ccef9622e50c4ca67ddbcf0482139b3",
                "sha256:0382b02ff6a288419f6ffec85dec40f451f41b8755547154c575ddd9f0f4ae53",
                "sha256:054409612d6e91ab6db27c7120994a8843b5dde14a70df416a29905ca71b0922",
                "sha256:22bdb9bd0f789e8b8987662a6a6d003ac0c9bf307c712fd2a9c09b5cdeb4357d",
                "sha256:2827172ea73a15d7766710305343e183d0c5a7c7983481ce57840365f05ce636",
                "sha256:361e81d9bc52df2b510843df14d6b298099ff90dfa8f6bc37278b2e2fda9dc18",
                "sha256:4a0232c0baf5bd6981dcd565b1d70b6f3353f5fb7666d34e14cbee032f1498ee",
                "sha256:4de7aa27303071546d3da166da80b3d58fd08427f14e5fcb5afc9edbf71b66fd",
                "sha256:510fc683f5e97fae75a00c775e525dd4329d2f5975971872b34e7b75be209c5d",
                "sha256:54bd68bb568830caf93c584b773a3237f5c6ac0c79edb03fec780f61f79a6c80",
                "sha256:5ffb5ea48d01cb50607828010ea497bed0c6e7a414a0648572f0b3a4e96c8c1b",
                "sha256:60b084eec39e31ed71411f60d7553655722d5684215413e70065c3ef5bf3b5c2",
                "sha256:6a814dfebfde2ee0ff24a73641d44c384973aa8aeb40f154e62b158e85d14dbf",
                "sha256:81e80fb0801b27697b8a27103d92efe1a782ff5bb9ea8c41e682d03e97a97255",
                "sha256:8549ef47e0b172004e67ab8ec557b55e657106fd4185f3177a4b247a59d3a7ab",
                "sha256:85b6adf0f1b1f034d6c9ddf845070884f8b6af6abc0b7708822c7c4cf74fee1c",
                "sha256:8b4510e9032f91b43a900105b0c98ce3c1bfbe10d24f67eb16d28286ded2f940",
                "sha256:aafdf88c10eb2f95723abe61f6b348af2de91a9b587540ee60e2bb68172d3c0a",
                "sha256:af560d7f63036d757eccfdb28937a2c03e91ee44d28150614ddd8575e121c03f",
                "sha256:b20e4d8d1306c4c0089d47964734a0bf31ed6d989fd922996254d89c453892f8",
                "sha256:c933edc73b3667e98dcb8bcd686ee475a4def057e6fa476cfb5256b2ef0cdf06",
                "sha256:cbe0e536f25b503e35bdb09450b0c444f1bd42cd722718bc3201dea82e73d1f1",
                "sha256:cc91931b0a63326ddd23bfd81266983c8d401e5bb8e055ef91458f8f7f87c2e9",
                "sha256:e050231ca196b82048eec202de0332ef951f9d8dff6d71510a8d41dce275a788",
                "sha256:e152a2af9ea1ed7c75d9683fc2c814002612cb60e3691a8b2c33e78ad026ce5b",
                "sha256:e3cd2b533a2bbb2e9ddeae6e2aeba515658e2ed5a899d5b41f2397a988595b6c",
                "sha256:f615e684d0110cb346c7bcea117f3bc34e5e4c95e86e1b400438b8f774dd743a"
            ],
            "index": "pypi",
            "version": "==1.6.2"
        },
        "numpy": {
            "hashes": [
                "sha256:003a9f530e880cb2cd177cba1af7220b9aa42def9c4afc2a2fc3ee6be7eb2b22",
                "sha256:150947adbdfeceec4e5926d956a06865c1c690f2fd902efede4ca6fe2e657c3f",
                "sha256:2620e8592136e073bd12ee4536149380695fbe9ebeae845b81237f986479ffc9",
                "sha256:2eabd64ddb96a1239791da78fa5f4e1693ae2dadc82a76bc76a14cbb2b966e96",
                "sha256:4173bde9fa2a005c2c6e2ea8ac1618e2ed2c1c6ec8a7657237854d42094123a0",
                "sha256:4199e7cfc307a778f72d293372736223e39ec9ac096ff0a2e64853b866a8e18a",
                "sha256:4cecaed30dc14123020f77b03601559fff3e6cd0c048f8b5289f4eeabb0eb281",
                "sha256:557d42778a6869c2162deb40ad82612645e21d79e11c1dc62c6e82a2220ffb04",
                "sha256:63e45511ee4d9d976637d11e6c9864eae50e12dc9598f531c035265991910468",
                "sha256:6524630f71631be2dabe0c541e7675db82651eb998496bbe16bc4f77f0772253",
                "sha256:76807b4063f0002c8532cfeac47a3068a69561e9c8715efdad3c642eb27c0756",
                "sha256:7de8fdde0003f4294655aa5d5f0a89c26b9f22c0a58790c38fae1ed392d44a5a",
                "sha256:889b2cc88b837d86eda1b17008ebeb679d82875022200c6e8e4ce6cf549b7acb",
                "sha256:92011118955724465fb6853def593cf397b4a1367495e0b59a7e69d40c4eb71d",
                "sha256:97cf27e51fa078078c649a51d7ade3c92d9e709ba2bfb97493007103c741f1d0",
                "sha256:9a23f8440561a633204a67fb44617ce2a299beecf3295f0d13c495518908e910",
                "sha256:a51725a815a6188c662fb66fb32077709a9ca38053f0274640293a14fdd22978",
                "sha256:a77d3e1163a7770164404607b7ba3967fb49b24782a6ef85d9b5f54126cc39e5",
                "sha256:adbdce121896fd3a17a77ab0b0b5eedf05a9834a18699db6829a64e1dfccca7f",
                "sha256:c29e6bd0ec49a44d7690ecb623a8eac5ab8a923bce0bea6293953992edf3a76a",
                "sha256:c72a6b2f4af1adfe193f7beb91ddf708ff867a3f977ef2ec53c0ffb8283ab9f5",
                "sha256:d0a2db9d20117bf523dde15858398e7c0858aadca7c0f088ac0d6edd360e9ad2",
                "sha256:e3ab5d32784e843fc0dd3ab6dcafc67ef806e6b6828dc6af2f689be0eb4d781d",
                "sha256:e428c4fbfa085f947b536706a2fc349245d7baa8334f0c5723c56a10595f9b95",
                "sha256:e8d2859428712785e8a8b7d2b3ef0a1d1565892367b32f915c4a4df44d0e64f5",
                "sha256:eef70b4fc1e872ebddc38cddacc87c19a3709c0e3e5d20bf3954c147b1dd941d",
                "sha256:f64bb98ac59b3ea3bf74b02f13836eb2e24e48e0ab0145bbda646295769bd780",
                "sha256:f9006288bcf4895917d02583cf3411f98631275bc67cce355a7f39f8c14338fa"
            ],
            "index": "pypi",
            "version": "==1.24.2"
        },
        "pandas": {
            "hashes": [
                "sha256:14e45300521902689a81f3f41386dc86f19b8ba8dd5ac5a3c7010ef8d2932813",
                "sha256:26d9c71772c7afb9d5046e6e9cf42d83dd147b5cf5bcb9d97252077118543792",
                "sha256:3749077d86e3a2f0ed51367f30bf5b82e131cc0f14260c4d3e499186fccc4406",
                "sha256:41179ce559943d83a9b4bbacb736b04c928b095b5f25dd2b7389eda08f46f373",
                "sha256:478ff646ca42b20376e4ed3fa2e8d7341e8a63105586efe54fa2508ee087f328",
                "sha256:50869a35cbb0f2e0cd5ec04b191e7b12ed688874bd05dd777c19b28cbea90996",
                "sha256:565fa34a5434d38e9d250af3c12ff931abaf88050551d9fbcdfafca50d62babf",
                "sha256:5f2b952406a1588ad4cad5b3f55f520e82e902388a6d5a4a91baa8d38d23c7f6",
                "sha256:5fbcb19d6fceb9e946b3e23258757c7b225ba450990d9ed63ccceeb8cae609f7",
                "sha256:6973549c01ca91ec96199e940495219c887ea815b2083722821f1d7abfa2b4dc",
                "sha256:74a3fd7e5a7ec052f183273dc7b0acd3a863edf7520f5d3a1765c04ffdb3b0b1",
                "sha256:7a0a56cef15fd1586726dace5616db75ebcfec9179a3a55e78f72c5639fa2a23",
                "sha256:7cec0bee9f294e5de5bbfc14d0573f65526071029d036b753ee6507d2a21480a",
                "sha256:87bd9c03da1ac870a6d2c8902a0e1fd4267ca00f13bc494c9e5a9020920e1d51",
                "sha256:972d8a45395f2a2d26733eb8d0f629b2f90bebe8e8eddbb8829b180c09639572",
                "sha256:9842b6f4b8479e41968eced654487258ed81df7d1c9b7b870ceea24ed9459b31",
                "sha256:9f69c4029613de47816b1bb30ff5ac778686688751a5e9c99ad8c7031f6508e5",
                "sha256:a50d9a4336a9621cab7b8eb3fb11adb82de58f9b91d84c2cd526576b881a0c5a",
                "sha256:bc4c368f42b551bf72fac35c5128963a171b40dce866fb066540eeaf46faa003",
                "sha256:c39a8da13cede5adcd3be1182883aea1c925476f4e84b2807a46e2775306305d",
                "sha256:c3ac844a0fe00bfaeb2c9b51ab1424e5c8744f89860b138434a363b1f620f354",
                "sha256:c4c00e0b0597c8e4f59e8d461f797e5d70b4d025880516a8261b2817c47759ee",
                "sha256:c74a62747864ed568f5a82a49a23a8d7fe171d0c69038b38cedf0976831296fa",
                "sha256:dd05f7783b3274aa206a1af06f0ceed3f9b412cf665b7247eacd83be41cf7bf0",
                "sha256:dfd681c5dc216037e0b0a2c821f5ed99ba9f03ebcf119c7dac0e9a7b960b9ec9",
                "sha256:e474390e60ed609cec869b0da796ad94f420bb057d86784191eefc62b65819ae",
                "sha256:f76d097d12c82a535fda9dfe5e8dd4127952b45fea9b0276cb30cca5ea313fbc"
            ],
            "index": "pypi",
            "version": "==1.5.3"
        },
        "python-dateutil": {
            "hashes": [
                "sha256:0123cacc1627ae19ddf3c27a5de5bd67ee4586fbdd6440d9748f8abb483d3e86",
                "sha256:961d03dc3453ebbc59dbdea9e4e11c5651520a876d0f4db161e8674aae935da9"
            ],
            "markers": "python_version >= '2.7' and python_version not in '3.0, 3.1, 3.2, 3.3'",
            "version": "==2.8.2"
        },
        "pytz": {
            "hashes": [
                "sha256:01a0681c4b9684a28304615eba55d1ab31ae00bf68ec157ec3708a8182dbbcd0",
                "sha256:78f4f37d8198e0627c5f1143240bb0206b8691d8d7ac6d78fee88b78733f8c4a"
            ],
            "version": "==2022.7.1"
        },
        "six": {
            "hashes": [
                "sha256:1e61c37477a1626458e36f7b1d82aa5c9b094fa4802892072e49de9c60c4c926",
                "sha256:8abb2f1d86890a2dfb989f9a77cfcfd3e47c2a354b01111771326f8aa26e0254"
            ],
            "markers": "python_version >= '2.7' and python_version not in '3.0, 3.1, 3.2, 3.3'",
            "version": "==1.16.0"
        },
        "slack-sdk": {
            "hashes": [
                "sha256:0b52bb32a87c71f638b9eb47e228dffeebf89de5e762684ef848276f9f186c84",
                "sha256:47fb4af596243fe6585a92f3034de21eb2104a55cc9fd59a92ef3af17cf9ddd8"
            ],
            "index": "pypi",
            "version": "==3.19.5"
        },
        "toml": {
            "hashes": [
                "sha256:806143ae5bfb6a3c6e736a764057db0e6a0e05e338b5630894a5f779cabb4f9b",
                "sha256:b3bda1d108d5dd99f4a20d24d9c348e91c4db7ab1b749200bded2f839ccbe68f"
            ],
            "index": "pypi",
            "version": "==0.10.2"
        }
    },
    "develop": {}
}
