{
    "_meta": {
        "hash": {
            "sha256": "81039dd2907a44cd663304e985ea6242403a0648d9effe9a33a25de2e676794a"
        },
        "pipfile-spec": 6,
        "requires": {
            "python_version": "3"
        },
        "sources": [
            {
                "name": "pypi",
                "url": "https://pypi.org/simple",
                "verify_ssl": true
            }
        ]
    },
    "default": {
        "slack-sdk": {
            "hashes": [
                "sha256:63ce5e6253a31873d6c921c9feaa842a93a2f56e6e009cb7daf406f4bc4df798",
                "sha256:a25d3d2bf0bf605d54d764d4a463fe7c0659ee24c13d75653e2bec247bd5998b"
            ],
            "index": "pypi",
            "version": "==3.18.1"
        },
        "toml": {
            "hashes": [
                "sha256:806143ae5bfb6a3c6e736a764057db0e6a0e05e338b5630894a5f779cabb4f9b",
                "sha256:b3bda1d108d5dd99f4a20d24d9c348e91c4db7ab1b749200bded2f839ccbe68f"
            ],
            "index": "pypi",
            "version": "==0.10.2"
        }
    },
    "develop": {}
}
